// !$*UTF8*$!
{
	archiveVersion = 1;
	classes = {
	};
	objectVersion = 46;
	objects = {

/* Begin PBXBuildFile section */
		D801351F19B7943D00906014 /* Foundation.framework in Frameworks */ = {isa = PBXBuildFile; fileRef = D801351E19B7943D00906014 /* Foundation.framework */; };
		D801352119B7943D00906014 /* CoreGraphics.framework in Frameworks */ = {isa = PBXBuildFile; fileRef = D801352019B7943D00906014 /* CoreGraphics.framework */; };
		D801352319B7943D00906014 /* UIKit.framework in Frameworks */ = {isa = PBXBuildFile; fileRef = D801352219B7943D00906014 /* UIKit.framework */; };
		D801352919B7943D00906014 /* InfoPlist.strings in Resources */ = {isa = PBXBuildFile; fileRef = D801352719B7943D00906014 /* InfoPlist.strings */; };
		D801352B19B7943D00906014 /* main.m in Sources */ = {isa = PBXBuildFile; fileRef = D801352A19B7943D00906014 /* main.m */; };
		D801352F19B7943D00906014 /* JSNAppDelegate.m in Sources */ = {isa = PBXBuildFile; fileRef = D801352E19B7943D00906014 /* JSNAppDelegate.m */; };
		D801353219B7943D00906014 /* Main.storyboard in Resources */ = {isa = PBXBuildFile; fileRef = D801353019B7943D00906014 /* Main.storyboard */; };
		D801353519B7943D00906014 /* JSNViewController.m in Sources */ = {isa = PBXBuildFile; fileRef = D801353419B7943D00906014 /* JSNViewController.m */; };
		D801353719B7943D00906014 /* Images.xcassets in Resources */ = {isa = PBXBuildFile; fileRef = D801353619B7943D00906014 /* Images.xcassets */; };
		D801353E19B7943D00906014 /* XCTest.framework in Frameworks */ = {isa = PBXBuildFile; fileRef = D801353D19B7943D00906014 /* XCTest.framework */; };
		D801353F19B7943D00906014 /* Foundation.framework in Frameworks */ = {isa = PBXBuildFile; fileRef = D801351E19B7943D00906014 /* Foundation.framework */; };
		D801354019B7943D00906014 /* UIKit.framework in Frameworks */ = {isa = PBXBuildFile; fileRef = D801352219B7943D00906014 /* UIKit.framework */; };
		D801354819B7943D00906014 /* InfoPlist.strings in Resources */ = {isa = PBXBuildFile; fileRef = D801354619B7943D00906014 /* InfoPlist.strings */; };
		D801354A19B7943D00906014 /* ToMoTests.m in Sources */ = {isa = PBXBuildFile; fileRef = D801354919B7943D00906014 /* ToMoTests.m */; };
		D801355519B7B47500906014 /* JSNWebViewController.m in Sources */ = {isa = PBXBuildFile; fileRef = D801355419B7B47500906014 /* JSNWebViewController.m */; };
		D801357219B7C61600906014 /* facebook.png in Resources */ = {isa = PBXBuildFile; fileRef = D801356E19B7C61600906014 /* facebook.png */; };
		D801357319B7C61600906014 /* facebook@2x.png in Resources */ = {isa = PBXBuildFile; fileRef = D801356F19B7C61600906014 /* facebook@2x.png */; };
		D801357419B7C61600906014 /* mail.png in Resources */ = {isa = PBXBuildFile; fileRef = D801357019B7C61600906014 /* mail.png */; };
		D801357519B7C61600906014 /* mail@2x.png in Resources */ = {isa = PBXBuildFile; fileRef = D801357119B7C61600906014 /* mail@2x.png */; };
		D801357C19B7C8F600906014 /* JSNPageContentViewController.m in Sources */ = {isa = PBXBuildFile; fileRef = D801357B19B7C8F600906014 /* JSNPageContentViewController.m */; };
		D801357F19B7CC2600906014 /* JSNPageViewController.m in Sources */ = {isa = PBXBuildFile; fileRef = D801357E19B7CC2600906014 /* JSNPageViewController.m */; };
		D801358B19B7D58300906014 /* Agustav.jpg in Resources */ = {isa = PBXBuildFile; fileRef = D801358119B7D58300906014 /* Agustav.jpg */; };
		D801358C19B7D58300906014 /* Del Ben.jpg in Resources */ = {isa = PBXBuildFile; fileRef = D801358219B7D58300906014 /* Del Ben.jpg */; };
		D801358D19B7D58300906014 /* The Forma.jpg in Resources */ = {isa = PBXBuildFile; fileRef = D801358319B7D58300906014 /* The Forma.jpg */; };
		D801358E19B7D58300906014 /* Garrett Leight Cali Optical.jpg in Resources */ = {isa = PBXBuildFile; fileRef = D801358419B7D58300906014 /* Garrett Leight Cali Optical.jpg */; };
		D801358F19B7D58300906014 /* iconbit.jpg in Resources */ = {isa = PBXBuildFile; fileRef = D801358519B7D58300906014 /* iconbit.jpg */; };
		D801359019B7D58300906014 /* Keysmart.jpg in Resources */ = {isa = PBXBuildFile; fileRef = D801358619B7D58300906014 /* Keysmart.jpg */; };
		D801359119B7D58300906014 /* Novo Watches.jpg in Resources */ = {isa = PBXBuildFile; fileRef = D801358719B7D58300906014 /* Novo Watches.jpg */; };
		D801359219B7D58300906014 /* SmartPlane.jpg in Resources */ = {isa = PBXBuildFile; fileRef = D801358819B7D58300906014 /* SmartPlane.jpg */; };
		D801359319B7D58300906014 /* Tribal Steel.jpg in Resources */ = {isa = PBXBuildFile; fileRef = D801358919B7D58300906014 /* Tribal Steel.jpg */; };
		D801359419B7D58300906014 /* Wassily Kandinsky.jpg in Resources */ = {isa = PBXBuildFile; fileRef = D801358A19B7D58300906014 /* Wassily Kandinsky.jpg */; };
		D801359719B7D71C00906014 /* JSNPushNoAnimationSegue.m in Sources */ = {isa = PBXBuildFile; fileRef = D801359619B7D71C00906014 /* JSNPushNoAnimationSegue.m */; };
		D801359A19B7E24100906014 /* JSNEmailLoginOrSignUpViewController.m in Sources */ = {isa = PBXBuildFile; fileRef = D801359919B7E24100906014 /* JSNEmailLoginOrSignUpViewController.m */; };
		D801359D19B7EA0400906014 /* JSNLoginViewController.m in Sources */ = {isa = PBXBuildFile; fileRef = D801359C19B7EA0400906014 /* JSNLoginViewController.m */; };
		D80135A219B7FB9700906014 /* JSNItemView.xib in Resources */ = {isa = PBXBuildFile; fileRef = D80135A019B7FB9700906014 /* JSNItemView.xib */; };
		D80135A519B7FBD300906014 /* JSNProductDataSource.m in Sources */ = {isa = PBXBuildFile; fileRef = D80135A419B7FBD300906014 /* JSNProductDataSource.m */; };
		D87F62B119B9118B00CF94FE /* JSNProductScrollViewController.m in Sources */ = {isa = PBXBuildFile; fileRef = D87F62AF19B9118B00CF94FE /* JSNProductScrollViewController.m */; };
		D87F62B219B9118B00CF94FE /* JSNProductScrollViewController.xib in Resources */ = {isa = PBXBuildFile; fileRef = D87F62B019B9118B00CF94FE /* JSNProductScrollViewController.xib */; };
		D89873F019B931FD00F3ABDA /* JSNSignUpNavigationViewController.m in Sources */ = {isa = PBXBuildFile; fileRef = D89873EF19B931FD00F3ABDA /* JSNSignUpNavigationViewController.m */; };
		D89AE91619B8F1090098BA95 /* JSNItemView.m in Sources */ = {isa = PBXBuildFile; fileRef = D89AE91519B8F1090098BA95 /* JSNItemView.m */; };
		D89AE91919B8F2DB0098BA95 /* JSNAutoScrollingTableViewController.m in Sources */ = {isa = PBXBuildFile; fileRef = D89AE91819B8F2DB0098BA95 /* JSNAutoScrollingTableViewController.m */; };
		D8E98CDC19B948110041EC0A /* TOMO.png in Resources */ = {isa = PBXBuildFile; fileRef = D8E98CDA19B948110041EC0A /* TOMO.png */; };
		D8E98CDD19B948110041EC0A /* TOMO@2x.png in Resources */ = {isa = PBXBuildFile; fileRef = D8E98CDB19B948110041EC0A /* TOMO@2x.png */; };
		D8E98CE419B96BBF0041EC0A /* Pie.png in Resources */ = {isa = PBXBuildFile; fileRef = D8E98CDE19B96BBF0041EC0A /* Pie.png */; };
		D8E98CE519B96BBF0041EC0A /* Pie@2x.png in Resources */ = {isa = PBXBuildFile; fileRef = D8E98CDF19B96BBF0041EC0A /* Pie@2x.png */; };
		D8E98CE819B96BBF0041EC0A /* Taps.png in Resources */ = {isa = PBXBuildFile; fileRef = D8E98CE219B96BBF0041EC0A /* Taps.png */; };
		D8E98CE919B96BBF0041EC0A /* Taps@2x.png in Resources */ = {isa = PBXBuildFile; fileRef = D8E98CE319B96BBF0041EC0A /* Taps@2x.png */; };
		D8E98CED19B96CE30041EC0A /* Sale.png in Resources */ = {isa = PBXBuildFile; fileRef = D8E98CEB19B96CE30041EC0A /* Sale.png */; };
		D8E98CEE19B96CE30041EC0A /* Sale@2x.png in Resources */ = {isa = PBXBuildFile; fileRef = D8E98CEC19B96CE30041EC0A /* Sale@2x.png */; };
		D8E98CF119B978020041EC0A /* JSNManagementViewController.m in Sources */ = {isa = PBXBuildFile; fileRef = D8E98CF019B978020041EC0A /* JSNManagementViewController.m */; };
		ECAAFE18A51B41E78F1F2390 /* libPods.a in Frameworks */ = {isa = PBXBuildFile; fileRef = C3ED226CF8334D659D4388E6 /* libPods.a */; };
/* End PBXBuildFile section */

/* Begin PBXContainerItemProxy section */
		D801354119B7943D00906014 /* PBXContainerItemProxy */ = {
			isa = PBXContainerItemProxy;
			containerPortal = D801351319B7943D00906014 /* Project object */;
			proxyType = 1;
			remoteGlobalIDString = D801351A19B7943D00906014;
			remoteInfo = ToMo;
		};
/* End PBXContainerItemProxy section */

/* Begin PBXFileReference section */
		C3ED226CF8334D659D4388E6 /* libPods.a */ = {isa = PBXFileReference; explicitFileType = archive.ar; includeInIndex = 0; path = libPods.a; sourceTree = BUILT_PRODUCTS_DIR; };
		D801351B19B7943D00906014 /* ToMo.app */ = {isa = PBXFileReference; explicitFileType = wrapper.application; includeInIndex = 0; path = ToMo.app; sourceTree = BUILT_PRODUCTS_DIR; };
		D801351E19B7943D00906014 /* Foundation.framework */ = {isa = PBXFileReference; lastKnownFileType = wrapper.framework; name = Foundation.framework; path = System/Library/Frameworks/Foundation.framework; sourceTree = SDKROOT; };
		D801352019B7943D00906014 /* CoreGraphics.framework */ = {isa = PBXFileReference; lastKnownFileType = wrapper.framework; name = CoreGraphics.framework; path = System/Library/Frameworks/CoreGraphics.framework; sourceTree = SDKROOT; };
		D801352219B7943D00906014 /* UIKit.framework */ = {isa = PBXFileReference; lastKnownFileType = wrapper.framework; name = UIKit.framework; path = System/Library/Frameworks/UIKit.framework; sourceTree = SDKROOT; };
		D801352619B7943D00906014 /* ToMo-Info.plist */ = {isa = PBXFileReference; lastKnownFileType = text.plist.xml; path = "ToMo-Info.plist"; sourceTree = "<group>"; };
		D801352819B7943D00906014 /* en */ = {isa = PBXFileReference; lastKnownFileType = text.plist.strings; name = en; path = en.lproj/InfoPlist.strings; sourceTree = "<group>"; };
		D801352A19B7943D00906014 /* main.m */ = {isa = PBXFileReference; lastKnownFileType = sourcecode.c.objc; path = main.m; sourceTree = "<group>"; };
		D801352C19B7943D00906014 /* ToMo-Prefix.pch */ = {isa = PBXFileReference; lastKnownFileType = sourcecode.c.h; path = "ToMo-Prefix.pch"; sourceTree = "<group>"; };
		D801352D19B7943D00906014 /* JSNAppDelegate.h */ = {isa = PBXFileReference; lastKnownFileType = sourcecode.c.h; path = JSNAppDelegate.h; sourceTree = "<group>"; };
		D801352E19B7943D00906014 /* JSNAppDelegate.m */ = {isa = PBXFileReference; lastKnownFileType = sourcecode.c.objc; path = JSNAppDelegate.m; sourceTree = "<group>"; };
		D801353119B7943D00906014 /* Base */ = {isa = PBXFileReference; lastKnownFileType = file.storyboard; name = Base; path = Base.lproj/Main.storyboard; sourceTree = "<group>"; };
		D801353319B7943D00906014 /* JSNViewController.h */ = {isa = PBXFileReference; lastKnownFileType = sourcecode.c.h; path = JSNViewController.h; sourceTree = "<group>"; };
		D801353419B7943D00906014 /* JSNViewController.m */ = {isa = PBXFileReference; lastKnownFileType = sourcecode.c.objc; path = JSNViewController.m; sourceTree = "<group>"; };
		D801353619B7943D00906014 /* Images.xcassets */ = {isa = PBXFileReference; lastKnownFileType = folder.assetcatalog; path = Images.xcassets; sourceTree = "<group>"; };
		D801353C19B7943D00906014 /* ToMoTests.xctest */ = {isa = PBXFileReference; explicitFileType = wrapper.cfbundle; includeInIndex = 0; path = ToMoTests.xctest; sourceTree = BUILT_PRODUCTS_DIR; };
		D801353D19B7943D00906014 /* XCTest.framework */ = {isa = PBXFileReference; lastKnownFileType = wrapper.framework; name = XCTest.framework; path = Library/Frameworks/XCTest.framework; sourceTree = DEVELOPER_DIR; };
		D801354519B7943D00906014 /* ToMoTests-Info.plist */ = {isa = PBXFileReference; lastKnownFileType = text.plist.xml; path = "ToMoTests-Info.plist"; sourceTree = "<group>"; };
		D801354719B7943D00906014 /* en */ = {isa = PBXFileReference; lastKnownFileType = text.plist.strings; name = en; path = en.lproj/InfoPlist.strings; sourceTree = "<group>"; };
		D801354919B7943D00906014 /* ToMoTests.m */ = {isa = PBXFileReference; lastKnownFileType = sourcecode.c.objc; path = ToMoTests.m; sourceTree = "<group>"; };
		D801355319B7B47500906014 /* JSNWebViewController.h */ = {isa = PBXFileReference; fileEncoding = 4; lastKnownFileType = sourcecode.c.h; path = JSNWebViewController.h; sourceTree = "<group>"; };
		D801355419B7B47500906014 /* JSNWebViewController.m */ = {isa = PBXFileReference; fileEncoding = 4; lastKnownFileType = sourcecode.c.objc; path = JSNWebViewController.m; sourceTree = "<group>"; };
		D801356E19B7C61600906014 /* facebook.png */ = {isa = PBXFileReference; lastKnownFileType = image.png; path = facebook.png; sourceTree = "<group>"; };
		D801356F19B7C61600906014 /* facebook@2x.png */ = {isa = PBXFileReference; lastKnownFileType = image.png; path = "facebook@2x.png"; sourceTree = "<group>"; };
		D801357019B7C61600906014 /* mail.png */ = {isa = PBXFileReference; lastKnownFileType = image.png; path = mail.png; sourceTree = "<group>"; };
		D801357119B7C61600906014 /* mail@2x.png */ = {isa = PBXFileReference; lastKnownFileType = image.png; path = "mail@2x.png"; sourceTree = "<group>"; };
		D801357A19B7C8F600906014 /* JSNPageContentViewController.h */ = {isa = PBXFileReference; fileEncoding = 4; lastKnownFileType = sourcecode.c.h; path = JSNPageContentViewController.h; sourceTree = "<group>"; };
		D801357B19B7C8F600906014 /* JSNPageContentViewController.m */ = {isa = PBXFileReference; fileEncoding = 4; lastKnownFileType = sourcecode.c.objc; path = JSNPageContentViewController.m; sourceTree = "<group>"; };
		D801357D19B7CC2600906014 /* JSNPageViewController.h */ = {isa = PBXFileReference; fileEncoding = 4; lastKnownFileType = sourcecode.c.h; path = JSNPageViewController.h; sourceTree = "<group>"; };
		D801357E19B7CC2600906014 /* JSNPageViewController.m */ = {isa = PBXFileReference; fileEncoding = 4; lastKnownFileType = sourcecode.c.objc; path = JSNPageViewController.m; sourceTree = "<group>"; };
		D801358119B7D58300906014 /* Agustav.jpg */ = {isa = PBXFileReference; lastKnownFileType = image.jpeg; path = Agustav.jpg; sourceTree = "<group>"; };
		D801358219B7D58300906014 /* Del Ben.jpg */ = {isa = PBXFileReference; lastKnownFileType = image.jpeg; path = "Del Ben.jpg"; sourceTree = "<group>"; };
		D801358319B7D58300906014 /* The Forma.jpg */ = {isa = PBXFileReference; lastKnownFileType = image.jpeg; path = "The Forma.jpg"; sourceTree = "<group>"; };
		D801358419B7D58300906014 /* Garrett Leight Cali Optical.jpg */ = {isa = PBXFileReference; lastKnownFileType = image.jpeg; path = "Garrett Leight Cali Optical.jpg"; sourceTree = "<group>"; };
		D801358519B7D58300906014 /* iconbit.jpg */ = {isa = PBXFileReference; lastKnownFileType = image.jpeg; path = iconbit.jpg; sourceTree = "<group>"; };
		D801358619B7D58300906014 /* Keysmart.jpg */ = {isa = PBXFileReference; lastKnownFileType = image.jpeg; path = Keysmart.jpg; sourceTree = "<group>"; };
		D801358719B7D58300906014 /* Novo Watches.jpg */ = {isa = PBXFileReference; lastKnownFileType = image.jpeg; path = "Novo Watches.jpg"; sourceTree = "<group>"; };
		D801358819B7D58300906014 /* SmartPlane.jpg */ = {isa = PBXFileReference; lastKnownFileType = image.jpeg; path = SmartPlane.jpg; sourceTree = "<group>"; };
		D801358919B7D58300906014 /* Tribal Steel.jpg */ = {isa = PBXFileReference; lastKnownFileType = image.jpeg; path = "Tribal Steel.jpg"; sourceTree = "<group>"; };
		D801358A19B7D58300906014 /* Wassily Kandinsky.jpg */ = {isa = PBXFileReference; lastKnownFileType = image.jpeg; path = "Wassily Kandinsky.jpg"; sourceTree = "<group>"; };
		D801359519B7D71C00906014 /* JSNPushNoAnimationSegue.h */ = {isa = PBXFileReference; fileEncoding = 4; lastKnownFileType = sourcecode.c.h; path = JSNPushNoAnimationSegue.h; sourceTree = "<group>"; };
		D801359619B7D71C00906014 /* JSNPushNoAnimationSegue.m */ = {isa = PBXFileReference; fileEncoding = 4; lastKnownFileType = sourcecode.c.objc; path = JSNPushNoAnimationSegue.m; sourceTree = "<group>"; };
		D801359819B7E24100906014 /* JSNEmailLoginOrSignUpViewController.h */ = {isa = PBXFileReference; fileEncoding = 4; lastKnownFileType = sourcecode.c.h; path = JSNEmailLoginOrSignUpViewController.h; sourceTree = "<group>"; };
		D801359919B7E24100906014 /* JSNEmailLoginOrSignUpViewController.m */ = {isa = PBXFileReference; fileEncoding = 4; lastKnownFileType = sourcecode.c.objc; path = JSNEmailLoginOrSignUpViewController.m; sourceTree = "<group>"; };
		D801359B19B7EA0400906014 /* JSNLoginViewController.h */ = {isa = PBXFileReference; fileEncoding = 4; lastKnownFileType = sourcecode.c.h; path = JSNLoginViewController.h; sourceTree = "<group>"; };
		D801359C19B7EA0400906014 /* JSNLoginViewController.m */ = {isa = PBXFileReference; fileEncoding = 4; lastKnownFileType = sourcecode.c.objc; path = JSNLoginViewController.m; sourceTree = "<group>"; };
		D80135A019B7FB9700906014 /* JSNItemView.xib */ = {isa = PBXFileReference; fileEncoding = 4; lastKnownFileType = file.xib; path = JSNItemView.xib; sourceTree = "<group>"; };
		D80135A319B7FBD300906014 /* JSNProductDataSource.h */ = {isa = PBXFileReference; fileEncoding = 4; lastKnownFileType = sourcecode.c.h; path = JSNProductDataSource.h; sourceTree = "<group>"; };
		D80135A419B7FBD300906014 /* JSNProductDataSource.m */ = {isa = PBXFileReference; fileEncoding = 4; lastKnownFileType = sourcecode.c.objc; path = JSNProductDataSource.m; sourceTree = "<group>"; };
		D87F62AE19B9118B00CF94FE /* JSNProductScrollViewController.h */ = {isa = PBXFileReference; fileEncoding = 4; lastKnownFileType = sourcecode.c.h; path = JSNProductScrollViewController.h; sourceTree = "<group>"; };
		D87F62AF19B9118B00CF94FE /* JSNProductScrollViewController.m */ = {isa = PBXFileReference; fileEncoding = 4; lastKnownFileType = sourcecode.c.objc; path = JSNProductScrollViewController.m; sourceTree = "<group>"; };
		D87F62B019B9118B00CF94FE /* JSNProductScrollViewController.xib */ = {isa = PBXFileReference; fileEncoding = 4; lastKnownFileType = file.xib; path = JSNProductScrollViewController.xib; sourceTree = "<group>"; };
		D89873EE19B931FD00F3ABDA /* JSNSignUpNavigationViewController.h */ = {isa = PBXFileReference; fileEncoding = 4; lastKnownFileType = sourcecode.c.h; path = JSNSignUpNavigationViewController.h; sourceTree = "<group>"; };
		D89873EF19B931FD00F3ABDA /* JSNSignUpNavigationViewController.m */ = {isa = PBXFileReference; fileEncoding = 4; lastKnownFileType = sourcecode.c.objc; path = JSNSignUpNavigationViewController.m; sourceTree = "<group>"; };
		D89AE91419B8F1090098BA95 /* JSNItemView.h */ = {isa = PBXFileReference; fileEncoding = 4; lastKnownFileType = sourcecode.c.h; path = JSNItemView.h; sourceTree = "<group>"; };
		D89AE91519B8F1090098BA95 /* JSNItemView.m */ = {isa = PBXFileReference; fileEncoding = 4; lastKnownFileType = sourcecode.c.objc; path = JSNItemView.m; sourceTree = "<group>"; };
		D89AE91719B8F2DB0098BA95 /* JSNAutoScrollingTableViewController.h */ = {isa = PBXFileReference; fileEncoding = 4; lastKnownFileType = sourcecode.c.h; path = JSNAutoScrollingTableViewController.h; sourceTree = "<group>"; };
		D89AE91819B8F2DB0098BA95 /* JSNAutoScrollingTableViewController.m */ = {isa = PBXFileReference; fileEncoding = 4; lastKnownFileType = sourcecode.c.objc; path = JSNAutoScrollingTableViewController.m; sourceTree = "<group>"; };
		D8E98CDA19B948110041EC0A /* TOMO.png */ = {isa = PBXFileReference; lastKnownFileType = image.png; path = TOMO.png; sourceTree = "<group>"; };
		D8E98CDB19B948110041EC0A /* TOMO@2x.png */ = {isa = PBXFileReference; lastKnownFileType = image.png; path = "TOMO@2x.png"; sourceTree = "<group>"; };
		D8E98CDE19B96BBF0041EC0A /* Pie.png */ = {isa = PBXFileReference; lastKnownFileType = image.png; path = Pie.png; sourceTree = "<group>"; };
		D8E98CDF19B96BBF0041EC0A /* Pie@2x.png */ = {isa = PBXFileReference; lastKnownFileType = image.png; path = "Pie@2x.png"; sourceTree = "<group>"; };
		D8E98CE219B96BBF0041EC0A /* Taps.png */ = {isa = PBXFileReference; lastKnownFileType = image.png; path = Taps.png; sourceTree = "<group>"; };
		D8E98CE319B96BBF0041EC0A /* Taps@2x.png */ = {isa = PBXFileReference; lastKnownFileType = image.png; path = "Taps@2x.png"; sourceTree = "<group>"; };
		D8E98CEB19B96CE30041EC0A /* Sale.png */ = {isa = PBXFileReference; lastKnownFileType = image.png; path = Sale.png; sourceTree = "<group>"; };
		D8E98CEC19B96CE30041EC0A /* Sale@2x.png */ = {isa = PBXFileReference; lastKnownFileType = image.png; path = "Sale@2x.png"; sourceTree = "<group>"; };
		D8E98CEF19B978020041EC0A /* JSNManagementViewController.h */ = {isa = PBXFileReference; fileEncoding = 4; lastKnownFileType = sourcecode.c.h; path = JSNManagementViewController.h; sourceTree = "<group>"; };
		D8E98CF019B978020041EC0A /* JSNManagementViewController.m */ = {isa = PBXFileReference; fileEncoding = 4; lastKnownFileType = sourcecode.c.objc; path = JSNManagementViewController.m; sourceTree = "<group>"; };
		DF4DFAA6712C48ED95E64777 /* Pods.xcconfig */ = {isa = PBXFileReference; includeInIndex = 1; lastKnownFileType = text.xcconfig; name = Pods.xcconfig; path = Pods/Pods.xcconfig; sourceTree = "<group>"; };
/* End PBXFileReference section */

/* Begin PBXFrameworksBuildPhase section */
		D801351819B7943D00906014 /* Frameworks */ = {
			isa = PBXFrameworksBuildPhase;
			buildActionMask = 2147483647;
			files = (
				D801352119B7943D00906014 /* CoreGraphics.framework in Frameworks */,
				D801352319B7943D00906014 /* UIKit.framework in Frameworks */,
				D801351F19B7943D00906014 /* Foundation.framework in Frameworks */,
				ECAAFE18A51B41E78F1F2390 /* libPods.a in Frameworks */,
			);
			runOnlyForDeploymentPostprocessing = 0;
		};
		D801353919B7943D00906014 /* Frameworks */ = {
			isa = PBXFrameworksBuildPhase;
			buildActionMask = 2147483647;
			files = (
				D801353E19B7943D00906014 /* XCTest.framework in Frameworks */,
				D801354019B7943D00906014 /* UIKit.framework in Frameworks */,
				D801353F19B7943D00906014 /* Foundation.framework in Frameworks */,
			);
			runOnlyForDeploymentPostprocessing = 0;
		};
/* End PBXFrameworksBuildPhase section */

/* Begin PBXGroup section */
		D801351219B7943D00906014 = {
			isa = PBXGroup;
			children = (
				D801352419B7943D00906014 /* ToMo */,
				D801354319B7943D00906014 /* ToMoTests */,
				D801351D19B7943D00906014 /* Frameworks */,
				D801351C19B7943D00906014 /* Products */,
				DF4DFAA6712C48ED95E64777 /* Pods.xcconfig */,
			);
			sourceTree = "<group>";
		};
		D801351C19B7943D00906014 /* Products */ = {
			isa = PBXGroup;
			children = (
				D801351B19B7943D00906014 /* ToMo.app */,
				D801353C19B7943D00906014 /* ToMoTests.xctest */,
			);
			name = Products;
			sourceTree = "<group>";
		};
		D801351D19B7943D00906014 /* Frameworks */ = {
			isa = PBXGroup;
			children = (
				D801351E19B7943D00906014 /* Foundation.framework */,
				D801352019B7943D00906014 /* CoreGraphics.framework */,
				D801352219B7943D00906014 /* UIKit.framework */,
				D801353D19B7943D00906014 /* XCTest.framework */,
				C3ED226CF8334D659D4388E6 /* libPods.a */,
			);
			name = Frameworks;
			sourceTree = "<group>";
		};
		D801352419B7943D00906014 /* ToMo */ = {
			isa = PBXGroup;
			children = (
				D8E98CEF19B978020041EC0A /* JSNManagementViewController.h */,
				D8E98CF019B978020041EC0A /* JSNManagementViewController.m */,
				D87F62AE19B9118B00CF94FE /* JSNProductScrollViewController.h */,
				D87F62AF19B9118B00CF94FE /* JSNProductScrollViewController.m */,
				D87F62B019B9118B00CF94FE /* JSNProductScrollViewController.xib */,
				D89AE91419B8F1090098BA95 /* JSNItemView.h */,
				D89AE91519B8F1090098BA95 /* JSNItemView.m */,
				D80135A019B7FB9700906014 /* JSNItemView.xib */,
				D801352D19B7943D00906014 /* JSNAppDelegate.h */,
				D801352E19B7943D00906014 /* JSNAppDelegate.m */,
				D801353019B7943D00906014 /* Main.storyboard */,
				D89873EE19B931FD00F3ABDA /* JSNSignUpNavigationViewController.h */,
				D89873EF19B931FD00F3ABDA /* JSNSignUpNavigationViewController.m */,
				D89AE91719B8F2DB0098BA95 /* JSNAutoScrollingTableViewController.h */,
				D89AE91819B8F2DB0098BA95 /* JSNAutoScrollingTableViewController.m */,
				D80135A319B7FBD300906014 /* JSNProductDataSource.h */,
				D80135A419B7FBD300906014 /* JSNProductDataSource.m */,
				D801359B19B7EA0400906014 /* JSNLoginViewController.h */,
				D801359C19B7EA0400906014 /* JSNLoginViewController.m */,
				D801359819B7E24100906014 /* JSNEmailLoginOrSignUpViewController.h */,
				D801359919B7E24100906014 /* JSNEmailLoginOrSignUpViewController.m */,
				D801357A19B7C8F600906014 /* JSNPageContentViewController.h */,
				D801357B19B7C8F600906014 /* JSNPageContentViewController.m */,
				D801357D19B7CC2600906014 /* JSNPageViewController.h */,
				D801357E19B7CC2600906014 /* JSNPageViewController.m */,
				D801355319B7B47500906014 /* JSNWebViewController.h */,
				D801355619B7BF6600906014 /* assets */,
				D801355419B7B47500906014 /* JSNWebViewController.m */,
				D801359519B7D71C00906014 /* JSNPushNoAnimationSegue.h */,
				D801359619B7D71C00906014 /* JSNPushNoAnimationSegue.m */,
				D801353319B7943D00906014 /* JSNViewController.h */,
				D801353419B7943D00906014 /* JSNViewController.m */,
				D801353619B7943D00906014 /* Images.xcassets */,
				D801352519B7943D00906014 /* Supporting Files */,
			);
			path = ToMo;
			sourceTree = "<group>";
		};
		D801352519B7943D00906014 /* Supporting Files */ = {
			isa = PBXGroup;
			children = (
				D801352619B7943D00906014 /* ToMo-Info.plist */,
				D801352719B7943D00906014 /* InfoPlist.strings */,
				D801352A19B7943D00906014 /* main.m */,
				D801352C19B7943D00906014 /* ToMo-Prefix.pch */,
			);
			name = "Supporting Files";
			sourceTree = "<group>";
		};
		D801354319B7943D00906014 /* ToMoTests */ = {
			isa = PBXGroup;
			children = (
				D801354919B7943D00906014 /* ToMoTests.m */,
				D801354419B7943D00906014 /* Supporting Files */,
			);
			path = ToMoTests;
			sourceTree = "<group>";
		};
		D801354419B7943D00906014 /* Supporting Files */ = {
			isa = PBXGroup;
			children = (
				D801354519B7943D00906014 /* ToMoTests-Info.plist */,
				D801354619B7943D00906014 /* InfoPlist.strings */,
			);
			name = "Supporting Files";
			sourceTree = "<group>";
		};
		D801355619B7BF6600906014 /* assets */ = {
			isa = PBXGroup;
			children = (
				D801356D19B7C61600906014 /* img */,
			);
			path = assets;
			sourceTree = "<group>";
		};
		D801356D19B7C61600906014 /* img */ = {
			isa = PBXGroup;
			children = (
				D8E98CEA19B96BC60041EC0A /* Sign Up */,
				D8E98CDA19B948110041EC0A /* TOMO.png */,
				D8E98CDB19B948110041EC0A /* TOMO@2x.png */,
				D801358019B7D58300906014 /* dataSourceImages */,
				D801356E19B7C61600906014 /* facebook.png */,
				D801356F19B7C61600906014 /* facebook@2x.png */,
				D801357019B7C61600906014 /* mail.png */,
				D801357119B7C61600906014 /* mail@2x.png */,
			);
			path = img;
			sourceTree = "<group>";
		};
		D801358019B7D58300906014 /* dataSourceImages */ = {
			isa = PBXGroup;
			children = (
				D801358119B7D58300906014 /* Agustav.jpg */,
				D801358219B7D58300906014 /* Del Ben.jpg */,
				D801358319B7D58300906014 /* The Forma.jpg */,
				D801358419B7D58300906014 /* Garrett Leight Cali Optical.jpg */,
				D801358519B7D58300906014 /* iconbit.jpg */,
				D801358619B7D58300906014 /* Keysmart.jpg */,
				D801358719B7D58300906014 /* Novo Watches.jpg */,
				D801358819B7D58300906014 /* SmartPlane.jpg */,
				D801358919B7D58300906014 /* Tribal Steel.jpg */,
				D801358A19B7D58300906014 /* Wassily Kandinsky.jpg */,
			);
			path = dataSourceImages;
			sourceTree = "<group>";
		};
		D8E98CEA19B96BC60041EC0A /* Sign Up */ = {
			isa = PBXGroup;
			children = (
				D8E98CEB19B96CE30041EC0A /* Sale.png */,
				D8E98CEC19B96CE30041EC0A /* Sale@2x.png */,
				D8E98CDE19B96BBF0041EC0A /* Pie.png */,
				D8E98CDF19B96BBF0041EC0A /* Pie@2x.png */,
				D8E98CE219B96BBF0041EC0A /* Taps.png */,
				D8E98CE319B96BBF0041EC0A /* Taps@2x.png */,
			);
			name = "Sign Up";
			sourceTree = "<group>";
		};
/* End PBXGroup section */

/* Begin PBXNativeTarget section */
		D801351A19B7943D00906014 /* ToMo */ = {
			isa = PBXNativeTarget;
			buildConfigurationList = D801354D19B7943D00906014 /* Build configuration list for PBXNativeTarget "ToMo" */;
			buildPhases = (
				25191A85370748B498AB6439 /* Check Pods Manifest.lock */,
				D801351719B7943D00906014 /* Sources */,
				D801351819B7943D00906014 /* Frameworks */,
				D801351919B7943D00906014 /* Resources */,
				024FE9CEB0D440C78D11F9F4 /* Copy Pods Resources */,
			);
			buildRules = (
			);
			dependencies = (
			);
			name = ToMo;
			productName = ToMo;
			productReference = D801351B19B7943D00906014 /* ToMo.app */;
			productType = "com.apple.product-type.application";
		};
		D801353B19B7943D00906014 /* ToMoTests */ = {
			isa = PBXNativeTarget;
			buildConfigurationList = D801355019B7943D00906014 /* Build configuration list for PBXNativeTarget "ToMoTests" */;
			buildPhases = (
				D801353819B7943D00906014 /* Sources */,
				D801353919B7943D00906014 /* Frameworks */,
				D801353A19B7943D00906014 /* Resources */,
			);
			buildRules = (
			);
			dependencies = (
				D801354219B7943D00906014 /* PBXTargetDependency */,
			);
			name = ToMoTests;
			productName = ToMoTests;
			productReference = D801353C19B7943D00906014 /* ToMoTests.xctest */;
			productType = "com.apple.product-type.bundle.unit-test";
		};
/* End PBXNativeTarget section */

/* Begin PBXProject section */
		D801351319B7943D00906014 /* Project object */ = {
			isa = PBXProject;
			attributes = {
				CLASSPREFIX = JSN;
				LastUpgradeCheck = 0510;
				ORGANIZATIONNAME = "Joe Newbry";
				TargetAttributes = {
					D801353B19B7943D00906014 = {
						TestTargetID = D801351A19B7943D00906014;
					};
				};
			};
			buildConfigurationList = D801351619B7943D00906014 /* Build configuration list for PBXProject "Tomo" */;
			compatibilityVersion = "Xcode 3.2";
			developmentRegion = English;
			hasScannedForEncodings = 0;
			knownRegions = (
				en,
				Base,
			);
			mainGroup = D801351219B7943D00906014;
			productRefGroup = D801351C19B7943D00906014 /* Products */;
			projectDirPath = "";
			projectRoot = "";
			targets = (
				D801351A19B7943D00906014 /* ToMo */,
				D801353B19B7943D00906014 /* ToMoTests */,
			);
		};
/* End PBXProject section */

/* Begin PBXResourcesBuildPhase section */
		D801351919B7943D00906014 /* Resources */ = {
			isa = PBXResourcesBuildPhase;
			buildActionMask = 2147483647;
			files = (
				D801357319B7C61600906014 /* facebook@2x.png in Resources */,
				D801358D19B7D58300906014 /* The Forma.jpg in Resources */,
				D8E98CDC19B948110041EC0A /* TOMO.png in Resources */,
				D8E98CE919B96BBF0041EC0A /* Taps@2x.png in Resources */,
				D8E98CE519B96BBF0041EC0A /* Pie@2x.png in Resources */,
				D80135A219B7FB9700906014 /* JSNItemView.xib in Resources */,
				D801359319B7D58300906014 /* Tribal Steel.jpg in Resources */,
				D87F62B219B9118B00CF94FE /* JSNProductScrollViewController.xib in Resources */,
				D801353719B7943D00906014 /* Images.xcassets in Resources */,
				D801358E19B7D58300906014 /* Garrett Leight Cali Optical.jpg in Resources */,
				D8E98CED19B96CE30041EC0A /* Sale.png in Resources */,
				D801358F19B7D58300906014 /* iconbit.jpg in Resources */,
				D801359219B7D58300906014 /* SmartPlane.jpg in Resources */,
				D8E98CE419B96BBF0041EC0A /* Pie.png in Resources */,
				D801357519B7C61600906014 /* mail@2x.png in Resources */,
				D8E98CE819B96BBF0041EC0A /* Taps.png in Resources */,
				D801358B19B7D58300906014 /* Agustav.jpg in Resources */,
				D801359119B7D58300906014 /* Novo Watches.jpg in Resources */,
				D801358C19B7D58300906014 /* Del Ben.jpg in Resources */,
				D801359419B7D58300906014 /* Wassily Kandinsky.jpg in Resources */,
				D8E98CDD19B948110041EC0A /* TOMO@2x.png in Resources */,
				D801357419B7C61600906014 /* mail.png in Resources */,
				D8E98CEE19B96CE30041EC0A /* Sale@2x.png in Resources */,
				D801359019B7D58300906014 /* Keysmart.jpg in Resources */,
				D801357219B7C61600906014 /* facebook.png in Resources */,
				D801352919B7943D00906014 /* InfoPlist.strings in Resources */,
				D801353219B7943D00906014 /* Main.storyboard in Resources */,
			);
			runOnlyForDeploymentPostprocessing = 0;
		};
		D801353A19B7943D00906014 /* Resources */ = {
			isa = PBXResourcesBuildPhase;
			buildActionMask = 2147483647;
			files = (
				D801354819B7943D00906014 /* InfoPlist.strings in Resources */,
			);
			runOnlyForDeploymentPostprocessing = 0;
		};
/* End PBXResourcesBuildPhase section */

/* Begin PBXShellScriptBuildPhase section */
		024FE9CEB0D440C78D11F9F4 /* Copy Pods Resources */ = {
			isa = PBXShellScriptBuildPhase;
			buildActionMask = 2147483647;
			files = (
			);
			inputPaths = (
			);
			name = "Copy Pods Resources";
			outputPaths = (
			);
			runOnlyForDeploymentPostprocessing = 0;
			shellPath = /bin/sh;
			shellScript = "\"${SRCROOT}/Pods/Pods-resources.sh\"\n";
			showEnvVarsInLog = 0;
		};
		25191A85370748B498AB6439 /* Check Pods Manifest.lock */ = {
			isa = PBXShellScriptBuildPhase;
			buildActionMask = 2147483647;
			files = (
			);
			inputPaths = (
			);
			name = "Check Pods Manifest.lock";
			outputPaths = (
			);
			runOnlyForDeploymentPostprocessing = 0;
			shellPath = /bin/sh;
			shellScript = "diff \"${PODS_ROOT}/../Podfile.lock\" \"${PODS_ROOT}/Manifest.lock\" > /dev/null\nif [[ $? != 0 ]] ; then\n    cat << EOM\nerror: The sandbox is not in sync with the Podfile.lock. Run 'pod install' or update your CocoaPods installation.\nEOM\n    exit 1\nfi\n";
			showEnvVarsInLog = 0;
		};
/* End PBXShellScriptBuildPhase section */

/* Begin PBXSourcesBuildPhase section */
		D801351719B7943D00906014 /* Sources */ = {
			isa = PBXSourcesBuildPhase;
			buildActionMask = 2147483647;
			files = (
				D8E98CF119B978020041EC0A /* JSNManagementViewController.m in Sources */,
				D801357C19B7C8F600906014 /* JSNPageContentViewController.m in Sources */,
				D801352F19B7943D00906014 /* JSNAppDelegate.m in Sources */,
				D801359A19B7E24100906014 /* JSNEmailLoginOrSignUpViewController.m in Sources */,
				D801355519B7B47500906014 /* JSNWebViewController.m in Sources */,
				D89AE91919B8F2DB0098BA95 /* JSNAutoScrollingTableViewController.m in Sources */,
				D801357F19B7CC2600906014 /* JSNPageViewController.m in Sources */,
				D89873F019B931FD00F3ABDA /* JSNSignUpNavigationViewController.m in Sources */,
				D801359D19B7EA0400906014 /* JSNLoginViewController.m in Sources */,
				D801352B19B7943D00906014 /* main.m in Sources */,
				D801353519B7943D00906014 /* JSNViewController.m in Sources */,
				D87F62B119B9118B00CF94FE /* JSNProductScrollViewController.m in Sources */,
				D89AE91619B8F1090098BA95 /* JSNItemView.m in Sources */,
				D801359719B7D71C00906014 /* JSNPushNoAnimationSegue.m in Sources */,
				D80135A519B7FBD300906014 /* JSNProductDataSource.m in Sources */,
			);
			runOnlyForDeploymentPostprocessing = 0;
		};
		D801353819B7943D00906014 /* Sources */ = {
			isa = PBXSourcesBuildPhase;
			buildActionMask = 2147483647;
			files = (
				D801354A19B7943D00906014 /* ToMoTests.m in Sources */,
			);
			runOnlyForDeploymentPostprocessing = 0;
		};
/* End PBXSourcesBuildPhase section */

/* Begin PBXTargetDependency section */
		D801354219B7943D00906014 /* PBXTargetDependency */ = {
			isa = PBXTargetDependency;
			target = D801351A19B7943D00906014 /* ToMo */;
			targetProxy = D801354119B7943D00906014 /* PBXContainerItemProxy */;
		};
/* End PBXTargetDependency section */

/* Begin PBXVariantGroup section */
		D801352719B7943D00906014 /* InfoPlist.strings */ = {
			isa = PBXVariantGroup;
			children = (
				D801352819B7943D00906014 /* en */,
			);
			name = InfoPlist.strings;
			sourceTree = "<group>";
		};
		D801353019B7943D00906014 /* Main.storyboard */ = {
			isa = PBXVariantGroup;
			children = (
				D801353119B7943D00906014 /* Base */,
			);
			name = Main.storyboard;
			sourceTree = "<group>";
		};
		D801354619B7943D00906014 /* InfoPlist.strings */ = {
			isa = PBXVariantGroup;
			children = (
				D801354719B7943D00906014 /* en */,
			);
			name = InfoPlist.strings;
			sourceTree = "<group>";
		};
/* End PBXVariantGroup section */

/* Begin XCBuildConfiguration section */
		D801354B19B7943D00906014 /* Debug */ = {
			isa = XCBuildConfiguration;
			buildSettings = {
				ALWAYS_SEARCH_USER_PATHS = NO;
				CLANG_CXX_LANGUAGE_STANDARD = "gnu++0x";
				CLANG_CXX_LIBRARY = "libc++";
				CLANG_ENABLE_MODULES = YES;
				CLANG_ENABLE_OBJC_ARC = YES;
				CLANG_WARN_BOOL_CONVERSION = YES;
				CLANG_WARN_CONSTANT_CONVERSION = YES;
				CLANG_WARN_DIRECT_OBJC_ISA_USAGE = YES_ERROR;
				CLANG_WARN_EMPTY_BODY = YES;
				CLANG_WARN_ENUM_CONVERSION = YES;
				CLANG_WARN_INT_CONVERSION = YES;
				CLANG_WARN_OBJC_ROOT_CLASS = YES_ERROR;
				CLANG_WARN__DUPLICATE_METHOD_MATCH = YES;
				"CODE_SIGN_IDENTITY[sdk=iphoneos*]" = "iPhone Developer";
				COPY_PHASE_STRIP = NO;
				GCC_C_LANGUAGE_STANDARD = gnu99;
				GCC_DYNAMIC_NO_PIC = NO;
				GCC_OPTIMIZATION_LEVEL = 0;
				GCC_PREPROCESSOR_DEFINITIONS = (
					"DEBUG=1",
					"$(inherited)",
				);
				GCC_SYMBOLS_PRIVATE_EXTERN = NO;
				GCC_WARN_64_TO_32_BIT_CONVERSION = YES;
				GCC_WARN_ABOUT_RETURN_TYPE = YES_ERROR;
				GCC_WARN_UNDECLARED_SELECTOR = YES;
				GCC_WARN_UNINITIALIZED_AUTOS = YES_AGGRESSIVE;
				GCC_WARN_UNUSED_FUNCTION = YES;
				GCC_WARN_UNUSED_VARIABLE = YES;
				IPHONEOS_DEPLOYMENT_TARGET = 7.1;
				ONLY_ACTIVE_ARCH = YES;
				SDKROOT = iphoneos;
			};
			name = Debug;
		};
		D801354C19B7943D00906014 /* Release */ = {
			isa = XCBuildConfiguration;
			buildSettings = {
				ALWAYS_SEARCH_USER_PATHS = NO;
				CLANG_CXX_LANGUAGE_STANDARD = "gnu++0x";
				CLANG_CXX_LIBRARY = "libc++";
				CLANG_ENABLE_MODULES = YES;
				CLANG_ENABLE_OBJC_ARC = YES;
				CLANG_WARN_BOOL_CONVERSION = YES;
				CLANG_WARN_CONSTANT_CONVERSION = YES;
				CLANG_WARN_DIRECT_OBJC_ISA_USAGE = YES_ERROR;
				CLANG_WARN_EMPTY_BODY = YES;
				CLANG_WARN_ENUM_CONVERSION = YES;
				CLANG_WARN_INT_CONVERSION = YES;
				CLANG_WARN_OBJC_ROOT_CLASS = YES_ERROR;
				CLANG_WARN__DUPLICATE_METHOD_MATCH = YES;
				"CODE_SIGN_IDENTITY[sdk=iphoneos*]" = "iPhone Developer";
				COPY_PHASE_STRIP = YES;
				ENABLE_NS_ASSERTIONS = NO;
				GCC_C_LANGUAGE_STANDARD = gnu99;
				GCC_WARN_64_TO_32_BIT_CONVERSION = YES;
				GCC_WARN_ABOUT_RETURN_TYPE = YES_ERROR;
				GCC_WARN_UNDECLARED_SELECTOR = YES;
				GCC_WARN_UNINITIALIZED_AUTOS = YES_AGGRESSIVE;
				GCC_WARN_UNUSED_FUNCTION = YES;
				GCC_WARN_UNUSED_VARIABLE = YES;
				IPHONEOS_DEPLOYMENT_TARGET = 7.1;
				SDKROOT = iphoneos;
				VALIDATE_PRODUCT = YES;
			};
			name = Release;
		};
		D801354E19B7943D00906014 /* Debug */ = {
			isa = XCBuildConfiguration;
			baseConfigurationReference = DF4DFAA6712C48ED95E64777 /* Pods.xcconfig */;
			buildSettings = {
				ASSETCATALOG_COMPILER_APPICON_NAME = AppIcon;
				ASSETCATALOG_COMPILER_LAUNCHIMAGE_NAME = LaunchImage;
				GCC_PRECOMPILE_PREFIX_HEADER = YES;
				GCC_PREFIX_HEADER = "ToMo/ToMo-Prefix.pch";
				INFOPLIST_FILE = "ToMo/ToMo-Info.plist";
				IPHONEOS_DEPLOYMENT_TARGET = 6.0;
				PRODUCT_NAME = "$(TARGET_NAME)";
				WRAPPER_EXTENSION = app;
			};
			name = Debug;
		};
		D801354F19B7943D00906014 /* Release */ = {
			isa = XCBuildConfiguration;
			baseConfigurationReference = DF4DFAA6712C48ED95E64777 /* Pods.xcconfig */;
			buildSettings = {
				ASSETCATALOG_COMPILER_APPICON_NAME = AppIcon;
				ASSETCATALOG_COMPILER_LAUNCHIMAGE_NAME = LaunchImage;
				GCC_PRECOMPILE_PREFIX_HEADER = YES;
				GCC_PREFIX_HEADER = "ToMo/ToMo-Prefix.pch";
				INFOPLIST_FILE = "ToMo/ToMo-Info.plist";
				IPHONEOS_DEPLOYMENT_TARGET = 6.0;
				PRODUCT_NAME = "$(TARGET_NAME)";
				WRAPPER_EXTENSION = app;
			};
			name = Release;
		};
		D801355119B7943D00906014 /* Debug */ = {
			isa = XCBuildConfiguration;
			buildSettings = {
				BUNDLE_LOADER = "$(BUILT_PRODUCTS_DIR)/ToMo.app/ToMo";
				FRAMEWORK_SEARCH_PATHS = (
					"$(SDKROOT)/Developer/Library/Frameworks",
					"$(inherited)",
					"$(DEVELOPER_FRAMEWORKS_DIR)",
				);
				GCC_PRECOMPILE_PREFIX_HEADER = YES;
				GCC_PREFIX_HEADER = "ToMo/ToMo-Prefix.pch";
				GCC_PREPROCESSOR_DEFINITIONS = (
					"DEBUG=1",
					"$(inherited)",
				);
				INFOPLIST_FILE = "ToMoTests/ToMoTests-Info.plist";
				PRODUCT_NAME = "$(TARGET_NAME)";
				TEST_HOST = "$(BUNDLE_LOADER)";
				WRAPPER_EXTENSION = xctest;
			};
			name = Debug;
		};
		D801355219B7943D00906014 /* Release */ = {
			isa = XCBuildConfiguration;
			buildSettings = {
				BUNDLE_LOADER = "$(BUILT_PRODUCTS_DIR)/ToMo.app/ToMo";
				FRAMEWORK_SEARCH_PATHS = (
					"$(SDKROOT)/Developer/Library/Frameworks",
					"$(inherited)",
					"$(DEVELOPER_FRAMEWORKS_DIR)",
				);
				GCC_PRECOMPILE_PREFIX_HEADER = YES;
				GCC_PREFIX_HEADER = "ToMo/ToMo-Prefix.pch";
				INFOPLIST_FILE = "ToMoTests/ToMoTests-Info.plist";
				PRODUCT_NAME = "$(TARGET_NAME)";
				TEST_HOST = "$(BUNDLE_LOADER)";
				WRAPPER_EXTENSION = xctest;
			};
			name = Release;
		};
/* End XCBuildConfiguration section */

/* Begin XCConfigurationList section */
		D801351619B7943D00906014 /* Build configuration list for PBXProject "Tomo" */ = {
			isa = XCConfigurationList;
			buildConfigurations = (
				D801354B19B7943D00906014 /* Debug */,
				D801354C19B7943D00906014 /* Release */,
			);
			defaultConfigurationIsVisible = 0;
			defaultConfigurationName = Release;
		};
		D801354D19B7943D00906014 /* Build configuration list for PBXNativeTarget "ToMo" */ = {
			isa = XCConfigurationList;
			buildConfigurations = (
				D801354E19B7943D00906014 /* Debug */,
				D801354F19B7943D00906014 /* Release */,
			);
			defaultConfigurationIsVisible = 0;
			defaultConfigurationName = Release;
		};
		D801355019B7943D00906014 /* Build configuration list for PBXNativeTarget "ToMoTests" */ = {
			isa = XCConfigurationList;
			buildConfigurations = (
				D801355119B7943D00906014 /* Debug */,
				D801355219B7943D00906014 /* Release */,
			);
			defaultConfigurationIsVisible = 0;
			defaultConfigurationName = Release;
		};
/* End XCConfigurationList section */
	};
	rootObject = D801351319B7943D00906014 /* Project object */;
}
